
Microsoft Visual Studio Solution File, Format Version 12.00
# Visual Studio 15
VisualStudioVersion = 15.0.27703.2047
MinimumVisualStudioVersion = 10.0.40219.1
Project("{FAE04EC0-301F-11D3-BF4B-00C04F79EFBC}") = "newmanuevers.Extensions.Samples", "newmanuevers.Extensions.Samples_v2\newmanuevers.Extensions.Samples.csproj", "{B7C7BDCD-E2D3-4583-92F9-303D4176D6C5}"
EndProject
Project("{2150E333-8FDC-42A3-9474-1A3956D46DE8}") = "Tests", "Tests", "{09B67C9B-2F74-4B52-812B-2727A8B01FAB}"
EndProject
Project("{FAE04EC0-301F-11D3-BF4B-00C04F79EFBC}") = "newmanuevers.Extensions.Tests", "newmanuevers.Extensions.Tests\newmanuevers.Extensions.Tests.csproj", "{D1452F29-CBBC-4165-A280-FF53D0B12C69}"
EndProject
Project("{FAE04EC0-301F-11D3-BF4B-00C04F79EFBC}") = "newmanuevers.Extensions.Advanced", "newmanuevers.Extensions.Advanced\newmanuevers.Extensions.Advanced.csproj", "{182D66C5-263C-49ED-8C5C-DD2F1B043B37}"
EndProject
Project("{FAE04EC0-301F-11D3-BF4B-00C04F79EFBC}") = "newmanuevers.Extensions.Advanced.Tests", "newmanuevers.Extensions.Advanced.Tests\newmanuevers.Extensions.Advanced.Tests.csproj", "{319EA71E-41F9-4F96-B37A-95A77E3AAC99}"
EndProject
Project("{F184B08F-C81C-45F6-A57F-5ABD9991F28F}") = "newmans.Extensions.Advanced.VbTests", "newmans.Extensions.Advanced.VbTests\newmans.Extensions.Advanced.VbTests.vbproj", "{9A84FEEC-4C87-4159-A18C-D5D00302C8B2}"
EndProject
Project("{FAE04EC0-301F-11D3-BF4B-00C04F79EFBC}") = "newmanuevers.Extensions.Advanced.Standard", "newmanuevers.Extensions.Advanced.Standard\newmanuevers.Extensions.Advanced.Standard.csproj", "{F52CB3D9-F393-4DEE-A088-1ADBA54F6AD1}"
EndProject
Project("{FAE04EC0-301F-11D3-BF4B-00C04F79EFBC}") = "newmans.Extensions.Advanced.ClientProfile", "newmans.Extensions.Advanced.ClientProfile\newmans.Extensions.Advanced.ClientProfile.csproj", "{4AFA6541-980A-43DC-A8C9-3381348A2E33}"
EndProject
Project("{FAE04EC0-301F-11D3-BF4B-00C04F79EFBC}") = "newmanuevers.Extensions.Advanced.Web", "newmanuevers.Extensions.Advanced.Web\newmanuevers.Extensions.Advanced.Web.csproj", "{FBD865E3-4D4E-4B3A-8308-D1D09762ECE8}"
EndProject
Global
	GlobalSection(SolutionConfigurationPlatforms) = preSolution
		Debug|Any CPU = Debug|Any CPU
		Release|Any CPU = Release|Any CPU
	EndGlobalSection
	GlobalSection(ProjectConfigurationPlatforms) = postSolution
		{B7C7BDCD-E2D3-4583-92F9-303D4176D6C5}.Debug|Any CPU.ActiveCfg = Debug|Any CPU
		{B7C7BDCD-E2D3-4583-92F9-303D4176D6C5}.Debug|Any CPU.Build.0 = Debug|Any CPU
		{B7C7BDCD-E2D3-4583-92F9-303D4176D6C5}.Release|Any CPU.ActiveCfg = Release|Any CPU
		{B7C7BDCD-E2D3-4583-92F9-303D4176D6C5}.Release|Any CPU.Build.0 = Release|Any CPU
		{D1452F29-CBBC-4165-A280-FF53D0B12C69}.Debug|Any CPU.ActiveCfg = Debug|Any CPU
		{D1452F29-CBBC-4165-A280-FF53D0B12C69}.Debug|Any CPU.Build.0 = Debug|Any CPU
		{D1452F29-CBBC-4165-A280-FF53D0B12C69}.Release|Any CPU.ActiveCfg = Release|Any CPU
		{D1452F29-CBBC-4165-A280-FF53D0B12C69}.Release|Any CPU.Build.0 = Release|Any CPU
		{182D66C5-263C-49ED-8C5C-DD2F1B043B37}.Debug|Any CPU.ActiveCfg = Debug|Any CPU
		{182D66C5-263C-49ED-8C5C-DD2F1B043B37}.Debug|Any CPU.Build.0 = Debug|Any CPU
		{182D66C5-263C-49ED-8C5C-DD2F1B043B37}.Release|Any CPU.ActiveCfg = Release|Any CPU
		{182D66C5-263C-49ED-8C5C-DD2F1B043B37}.Release|Any CPU.Build.0 = Release|Any CPU
		{319EA71E-41F9-4F96-B37A-95A77E3AAC99}.Debug|Any CPU.ActiveCfg = Debug|Any CPU
		{319EA71E-41F9-4F96-B37A-95A77E3AAC99}.Debug|Any CPU.Build.0 = Debug|Any CPU
		{319EA71E-41F9-4F96-B37A-95A77E3AAC99}.Release|Any CPU.ActiveCfg = Release|Any CPU
		{319EA71E-41F9-4F96-B37A-95A77E3AAC99}.Release|Any CPU.Build.0 = Release|Any CPU
		{9A84FEEC-4C87-4159-A18C-D5D00302C8B2}.Debug|Any CPU.ActiveCfg = Debug|Any CPU
		{9A84FEEC-4C87-4159-A18C-D5D00302C8B2}.Debug|Any CPU.Build.0 = Debug|Any CPU
		{9A84FEEC-4C87-4159-A18C-D5D00302C8B2}.Release|Any CPU.ActiveCfg = Release|Any CPU
		{9A84FEEC-4C87-4159-A18C-D5D00302C8B2}.Release|Any CPU.Build.0 = Release|Any CPU
		{F52CB3D9-F393-4DEE-A088-1ADBA54F6AD1}.Debug|Any CPU.ActiveCfg = Debug|Any CPU
		{F52CB3D9-F393-4DEE-A088-1ADBA54F6AD1}.Debug|Any CPU.Build.0 = Debug|Any CPU
		{F52CB3D9-F393-4DEE-A088-1ADBA54F6AD1}.Release|Any CPU.ActiveCfg = Release|Any CPU
		{F52CB3D9-F393-4DEE-A088-1ADBA54F6AD1}.Release|Any CPU.Build.0 = Release|Any CPU
		{4AFA6541-980A-43DC-A8C9-3381348A2E33}.Debug|Any CPU.ActiveCfg = Debug|Any CPU
		{4AFA6541-980A-43DC-A8C9-3381348A2E33}.Debug|Any CPU.Build.0 = Debug|Any CPU
		{4AFA6541-980A-43DC-A8C9-3381348A2E33}.Release|Any CPU.ActiveCfg = Release|Any CPU
		{4AFA6541-980A-43DC-A8C9-3381348A2E33}.Release|Any CPU.Build.0 = Release|Any CPU
		{FBD865E3-4D4E-4B3A-8308-D1D09762ECE8}.Debug|Any CPU.ActiveCfg = Debug|Any CPU
		{FBD865E3-4D4E-4B3A-8308-D1D09762ECE8}.Debug|Any CPU.Build.0 = Debug|Any CPU
		{FBD865E3-4D4E-4B3A-8308-D1D09762ECE8}.Release|Any CPU.ActiveCfg = Release|Any CPU
		{FBD865E3-4D4E-4B3A-8308-D1D09762ECE8}.Release|Any CPU.Build.0 = Release|Any CPU
	EndGlobalSection
	GlobalSection(SolutionProperties) = preSolution
		HideSolutionNode = FALSE
	EndGlobalSection
	GlobalSection(NestedProjects) = preSolution
		{D1452F29-CBBC-4165-A280-FF53D0B12C69} = {09B67C9B-2F74-4B52-812B-2727A8B01FAB}
		{319EA71E-41F9-4F96-B37A-95A77E3AAC99} = {09B67C9B-2F74-4B52-812B-2727A8B01FAB}
		{9A84FEEC-4C87-4159-A18C-D5D00302C8B2} = {09B67C9B-2F74-4B52-812B-2727A8B01FAB}
	EndGlobalSection
	GlobalSection(ExtensibilityGlobals) = postSolution
		SolutionGuid = {EBE92EE5-4B3A-4A86-9F9A-B7ADB25A8E19}
	EndGlobalSection
EndGlobal
